
Microsoft Visual Studio Solution File, Format Version 12.00
# Visual Studio Version 16
VisualStudioVersion = 16.0.29424.173
MinimumVisualStudioVersion = 10.0.40219.1
Project("{FAE04EC0-301F-11D3-BF4B-00C04F79EFBC}") = "WpfVideoEditor", "WpfVideoEditor\WpfVideoEditor.csproj", "{93C5FE3B-DABA-438A-9DC6-7C655FFB4748}"
EndProject
Project("{FAE04EC0-301F-11D3-BF4B-00C04F79EFBC}") = "WpfVideoEditor.Tests", "WpfVideoEditor.Tests\WpfVideoEditor.Tests.csproj", "{F58918D3-8D33-442B-9857-CE5BD6DD49CA}"
EndProject
Global
	GlobalSection(SolutionConfigurationPlatforms) = preSolution
		Debug|Any CPU = Debug|Any CPU
		Debug|x86 = Debug|x86
		Release|Any CPU = Release|Any CPU
		Release|x86 = Release|x86
	EndGlobalSection
	GlobalSection(ProjectConfigurationPlatforms) = postSolution
		{93C5FE3B-DABA-438A-9DC6-7C655FFB4748}.Debug|Any CPU.ActiveCfg = Debug|Any CPU
		{93C5FE3B-DABA-438A-9DC6-7C655FFB4748}.Debug|Any CPU.Build.0 = Debug|Any CPU
		{93C5FE3B-DABA-438A-9DC6-7C655FFB4748}.Debug|x86.ActiveCfg = Debug|Any CPU
		{93C5FE3B-DABA-438A-9DC6-7C655FFB4748}.Debug|x86.Build.0 = Debug|Any CPU
		{93C5FE3B-DABA-438A-9DC6-7C655FFB4748}.Release|Any CPU.ActiveCfg = Release|Any CPU
		{93C5FE3B-DABA-438A-9DC6-7C655FFB4748}.Release|Any CPU.Build.0 = Release|Any CPU
		{93C5FE3B-DABA-438A-9DC6-7C655FFB4748}.Release|x86.ActiveCfg = Release|Any CPU
		{93C5FE3B-DABA-438A-9DC6-7C655FFB4748}.Release|x86.Build.0 = Release|Any CPU
		{F58918D3-8D33-442B-9857-CE5BD6DD49CA}.Debug|Any CPU.ActiveCfg = Debug|Any CPU
		{F58918D3-8D33-442B-9857-CE5BD6DD49CA}.Debug|Any CPU.Build.0 = Debug|Any CPU
		{F58918D3-8D33-442B-9857-CE5BD6DD49CA}.Debug|x86.ActiveCfg = Debug|Any CPU
		{F58918D3-8D33-442B-9857-CE5BD6DD49CA}.Debug|x86.Build.0 = Debug|Any CPU
		{F58918D3-8D33-442B-9857-CE5BD6DD49CA}.Release|Any CPU.ActiveCfg = Release|Any CPU
		{F58918D3-8D33-442B-9857-CE5BD6DD49CA}.Release|Any CPU.Build.0 = Release|Any CPU
		{F58918D3-8D33-442B-9857-CE5BD6DD49CA}.Release|x86.ActiveCfg = Release|Any CPU
		{F58918D3-8D33-442B-9857-CE5BD6DD49CA}.Release|x86.Build.0 = Release|Any CPU
	EndGlobalSection
	GlobalSection(SolutionProperties) = preSolution
		HideSolutionNode = FALSE
	EndGlobalSection
	GlobalSection(ExtensibilityGlobals) = postSolution
		SolutionGuid = {1D4C2C62-E429-4DF5-B39F-472978CACDE8}
	EndGlobalSection
EndGlobal
